
Microsoft Visual Studio Solution File, Format Version 12.00
# Visual Studio 15
VisualStudioVersion = 15.0.28307.421
MinimumVisualStudioVersion = 10.0.40219.1
Project("{FAE04EC0-301F-11D3-BF4B-00C04F79EFBC}") = "FlyingPostMan", "FlyingPostMan\FlyingPostMan.csproj", "{ACE2330D-B8C7-41DE-BA9C-359539DBC91D}"
EndProject
Global
	GlobalSection(SolutionConfigurationPlatforms) = preSolution
		Debug|Any CPU = Debug|Any CPU
		Release|Any CPU = Release|Any CPU
	EndGlobalSection
	GlobalSection(ProjectConfigurationPlatforms) = postSolution
		{ACE2330D-B8C7-41DE-BA9C-359539DBC91D}.Debug|Any CPU.ActiveCfg = Debug|Any CPU
		{ACE2330D-B8C7-41DE-BA9C-359539DBC91D}.Debug|Any CPU.Build.0 = Debug|Any CPU
		{ACE2330D-B8C7-41DE-BA9C-359539DBC91D}.Release|Any CPU.ActiveCfg = Release|Any CPU
		{ACE2330D-B8C7-41DE-BA9C-359539DBC91D}.Release|Any CPU.Build.0 = Release|Any CPU
	EndGlobalSection
	GlobalSection(SolutionProperties) = preSolution
		HideSolutionNode = FALSE
	EndGlobalSection
	GlobalSection(ExtensibilityGlobals) = postSolution
		SolutionGuid = {38DD1F6B-CFFA-4F37-B532-369C5D3AECD8}
	EndGlobalSection
EndGlobal
